<?xml version="1.0" encoding="UTF-8" standalone="yes" ?>
<CodeBlocks_project_file>
	<FileVersion major="1" minor="6" />
	<Project>
		<Option title="Master Mind 2" />
		<Option pch_mode="2" />
		<Option compiler="gcc" />
		<Build>
			<Target title="Debug">
				<Option output="bin/Debug/Master Mind 2" prefix_auto="1" extension_auto="1" />
				<Option object_output="obj/Debug/" />
				<Option type="1" />
				<Option compiler="gcc" />
				<Compiler>
					<Add option="-g" />
					<Add directory="include" />
				</Compiler>
				<Linker>
					<Add library="C:/Users/HPµ/Desktop/SDL-1.2.15/lib/SDL_image.lib" />
				</Linker>
			</Target>
			<Target title="Release">
				<Option output="bin/Release/Master Mind 2" prefix_auto="1" extension_auto="1" />
				<Option object_output="obj/Release/" />
				<Option type="0" />
				<Option compiler="gcc" />
				<Compiler>
					<Add option="-O2" />
					<Add directory="include" />
				</Compiler>
				<Linker>
					<Add option="-s" />
				</Linker>
			</Target>
		</Build>
		<Compiler>
			<Add option="-Wall" />
			<Add directory="C:/Users/HPµ/Desktop/SDL-1.2.15/include" />
		</Compiler>
		<Linker>
			<Add library="mingw32" />
			<Add library="SDLmain" />
			<Add library="SDL.dll" />
			<Add library="user32" />
			<Add library="gdi32" />
			<Add library="winmm" />
			<Add library="dxguid" />
			<Add library="C:/Users/HPµ/Desktop/SDL-1.2.15/lib/SDL_image.lib" />
			<Add directory="C:/Users/HPµ/Desktop/SDL-1.2.15/lib" />
		</Linker>
		<Unit filename="cb.bmp" />
		<Unit filename="include/Afficher.h" />
		<Unit filename="include/Constantes.h" />
		<Unit filename="include/Jeux.h" />
		<Unit filename="include/Menu.h" />
		<Unit filename="include/Mode Machine.h" />
		<Unit filename="include/Mode_1.h" />
		<Unit filename="include/Mode_Machine.h" />
		<Unit filename="include/Mode_joueur.h" />
		<Unit filename="main.cpp" />
		<Unit filename="src/Afficher.cpp" />
		<Unit filename="src/Constantes.cpp" />
		<Unit filename="src/Jeux.cpp" />
		<Unit filename="src/Menu.cpp" />
		<Unit filename="src/Mode Machine.cpp" />
		<Unit filename="src/Mode_1.cpp" />
		<Unit filename="src/Mode_Machine.cpp" />
		<Unit filename="src/Mode_joueur.cpp" />
		<Extensions>
			<code_completion />
			<envvars />
			<debugger />
		</Extensions>
	</Project>
</CodeBlocks_project_file>
